
Microsoft Visual Studio Solution File, Format Version 12.00
# Visual Studio Version 16
VisualStudioVersion = 16.0.28803.202
MinimumVisualStudioVersion = 10.0.40219.1
Project("{FAE04EC0-301F-11D3-BF4B-00C04F79EFBC}") = "dongu", "dongu\dongu.csproj", "{BE4816DE-AB85-4DEE-A619-B62A32548291}"
EndProject
Global
	GlobalSection(SolutionConfigurationPlatforms) = preSolution
		Debug|Any CPU = Debug|Any CPU
		Release|Any CPU = Release|Any CPU
	EndGlobalSection
	GlobalSection(ProjectConfigurationPlatforms) = postSolution
		{BE4816DE-AB85-4DEE-A619-B62A32548291}.Debug|Any CPU.ActiveCfg = Debug|Any CPU
		{BE4816DE-AB85-4DEE-A619-B62A32548291}.Debug|Any CPU.Build.0 = Debug|Any CPU
		{BE4816DE-AB85-4DEE-A619-B62A32548291}.Release|Any CPU.ActiveCfg = Release|Any CPU
		{BE4816DE-AB85-4DEE-A619-B62A32548291}.Release|Any CPU.Build.0 = Release|Any CPU
	EndGlobalSection
	GlobalSection(SolutionProperties) = preSolution
		HideSolutionNode = FALSE
	EndGlobalSection
	GlobalSection(ExtensibilityGlobals) = postSolution
		SolutionGuid = {2D3395C2-CD5E-4990-9818-1DA93830FD6C}
	EndGlobalSection
EndGlobal
